
Microsoft Visual Studio Solution File, Format Version 12.00
# Visual Studio Version 17
Project("{8BC9CEB8-8B4A-11D0-8D11-00A0C91BC942}") = "ALL_BUILD", "ALL_BUILD.vcxproj", "{C45358D2-60CB-3809-8DB4-1F286B2308A8}"
	ProjectSection(ProjectDependencies) = postProject
		{4090CCE6-836D-37B3-BAF3-3A9E8DB2898B} = {4090CCE6-836D-37B3-BAF3-3A9E8DB2898B}
		{578AF937-66E6-3A91-8D36-E728AE5CE88D} = {578AF937-66E6-3A91-8D36-E728AE5CE88D}
		{E1B3759B-B8C8-3C7C-A353-62D2A322641B} = {E1B3759B-B8C8-3C7C-A353-62D2A322641B}
		{A4B289F3-F11A-38DD-8369-7C350821E804} = {A4B289F3-F11A-38DD-8369-7C350821E804}
		{A304238B-9BA7-33A5-9DB2-6936EE958122} = {A304238B-9BA7-33A5-9DB2-6936EE958122}
		{0A9BBB9E-0901-3611-9AB2-BC4131F34447} = {0A9BBB9E-0901-3611-9AB2-BC4131F34447}
		{E608CAA6-3C6D-3795-9D5C-C6B81628D4A2} = {E608CAA6-3C6D-3795-9D5C-C6B81628D4A2}
	EndProjectSection
EndProject
Project("{8BC9CEB8-8B4A-11D0-8D11-00A0C91BC942}") = "Continuous", "Continuous.vcxproj", "{63FEC6A8-D45A-395F-BD47-7A974D0256BB}"
	ProjectSection(ProjectDependencies) = postProject
		{4090CCE6-836D-37B3-BAF3-3A9E8DB2898B} = {4090CCE6-836D-37B3-BAF3-3A9E8DB2898B}
	EndProjectSection
EndProject
Project("{8BC9CEB8-8B4A-11D0-8D11-00A0C91BC942}") = "Experimental", "Experimental.vcxproj", "{2042CC5F-0CB3-3F84-BB66-060385726DB6}"
	ProjectSection(ProjectDependencies) = postProject
		{4090CCE6-836D-37B3-BAF3-3A9E8DB2898B} = {4090CCE6-836D-37B3-BAF3-3A9E8DB2898B}
	EndProjectSection
EndProject
Project("{8BC9CEB8-8B4A-11D0-8D11-00A0C91BC942}") = "INSTALL", "INSTALL.vcxproj", "{64DD1EFE-260E-335A-BBD7-00181221C14B}"
	ProjectSection(ProjectDependencies) = postProject
		{C45358D2-60CB-3809-8DB4-1F286B2308A8} = {C45358D2-60CB-3809-8DB4-1F286B2308A8}
		{4090CCE6-836D-37B3-BAF3-3A9E8DB2898B} = {4090CCE6-836D-37B3-BAF3-3A9E8DB2898B}
	EndProjectSection
EndProject
Project("{8BC9CEB8-8B4A-11D0-8D11-00A0C91BC942}") = "Nightly", "Nightly.vcxproj", "{C09E5BE9-4CA9-378C-BE02-9E3BA7BC006C}"
	ProjectSection(ProjectDependencies) = postProject
		{4090CCE6-836D-37B3-BAF3-3A9E8DB2898B} = {4090CCE6-836D-37B3-BAF3-3A9E8DB2898B}
	EndProjectSection
EndProject
Project("{8BC9CEB8-8B4A-11D0-8D11-00A0C91BC942}") = "NightlyMemoryCheck", "NightlyMemoryCheck.vcxproj", "{711ACDAA-3986-3A65-A376-D9CDFA9CFF2F}"
	ProjectSection(ProjectDependencies) = postProject
		{4090CCE6-836D-37B3-BAF3-3A9E8DB2898B} = {4090CCE6-836D-37B3-BAF3-3A9E8DB2898B}
	EndProjectSection
EndProject
Project("{8BC9CEB8-8B4A-11D0-8D11-00A0C91BC942}") = "PACKAGE", "PACKAGE.vcxproj", "{21F45684-B5D6-339C-A147-9ED88E9BED47}"
	ProjectSection(ProjectDependencies) = postProject
		{C45358D2-60CB-3809-8DB4-1F286B2308A8} = {C45358D2-60CB-3809-8DB4-1F286B2308A8}
		{4090CCE6-836D-37B3-BAF3-3A9E8DB2898B} = {4090CCE6-836D-37B3-BAF3-3A9E8DB2898B}
	EndProjectSection
EndProject
Project("{8BC9CEB8-8B4A-11D0-8D11-00A0C91BC942}") = "RUN_TESTS", "RUN_TESTS.vcxproj", "{3008E6F4-16EE-3375-B1EB-4AA643988A32}"
	ProjectSection(ProjectDependencies) = postProject
		{4090CCE6-836D-37B3-BAF3-3A9E8DB2898B} = {4090CCE6-836D-37B3-BAF3-3A9E8DB2898B}
	EndProjectSection
EndProject
Project("{8BC9CEB8-8B4A-11D0-8D11-00A0C91BC942}") = "ZERO_CHECK", "ZERO_CHECK.vcxproj", "{4090CCE6-836D-37B3-BAF3-3A9E8DB2898B}"
	ProjectSection(ProjectDependencies) = postProject
	EndProjectSection
EndProject
Project("{8BC9CEB8-8B4A-11D0-8D11-00A0C91BC942}") = "component", "_deps\ftxui-build\component.vcxproj", "{578AF937-66E6-3A91-8D36-E728AE5CE88D}"
	ProjectSection(ProjectDependencies) = postProject
		{4090CCE6-836D-37B3-BAF3-3A9E8DB2898B} = {4090CCE6-836D-37B3-BAF3-3A9E8DB2898B}
		{E1B3759B-B8C8-3C7C-A353-62D2A322641B} = {E1B3759B-B8C8-3C7C-A353-62D2A322641B}
		{0A9BBB9E-0901-3611-9AB2-BC4131F34447} = {0A9BBB9E-0901-3611-9AB2-BC4131F34447}
	EndProjectSection
EndProject
Project("{8BC9CEB8-8B4A-11D0-8D11-00A0C91BC942}") = "dom", "_deps\ftxui-build\dom.vcxproj", "{E1B3759B-B8C8-3C7C-A353-62D2A322641B}"
	ProjectSection(ProjectDependencies) = postProject
		{4090CCE6-836D-37B3-BAF3-3A9E8DB2898B} = {4090CCE6-836D-37B3-BAF3-3A9E8DB2898B}
		{0A9BBB9E-0901-3611-9AB2-BC4131F34447} = {0A9BBB9E-0901-3611-9AB2-BC4131F34447}
	EndProjectSection
EndProject
Project("{8BC9CEB8-8B4A-11D0-8D11-00A0C91BC942}") = "inventatory", "inventatory.vcxproj", "{A4B289F3-F11A-38DD-8369-7C350821E804}"
	ProjectSection(ProjectDependencies) = postProject
		{4090CCE6-836D-37B3-BAF3-3A9E8DB2898B} = {4090CCE6-836D-37B3-BAF3-3A9E8DB2898B}
		{578AF937-66E6-3A91-8D36-E728AE5CE88D} = {578AF937-66E6-3A91-8D36-E728AE5CE88D}
		{E1B3759B-B8C8-3C7C-A353-62D2A322641B} = {E1B3759B-B8C8-3C7C-A353-62D2A322641B}
		{0A9BBB9E-0901-3611-9AB2-BC4131F34447} = {0A9BBB9E-0901-3611-9AB2-BC4131F34447}
		{E608CAA6-3C6D-3795-9D5C-C6B81628D4A2} = {E608CAA6-3C6D-3795-9D5C-C6B81628D4A2}
	EndProjectSection
EndProject
Project("{8BC9CEB8-8B4A-11D0-8D11-00A0C91BC942}") = "inventatory_tests", "inventatory_tests.vcxproj", "{A304238B-9BA7-33A5-9DB2-6936EE958122}"
	ProjectSection(ProjectDependencies) = postProject
		{4090CCE6-836D-37B3-BAF3-3A9E8DB2898B} = {4090CCE6-836D-37B3-BAF3-3A9E8DB2898B}
		{578AF937-66E6-3A91-8D36-E728AE5CE88D} = {578AF937-66E6-3A91-8D36-E728AE5CE88D}
		{E1B3759B-B8C8-3C7C-A353-62D2A322641B} = {E1B3759B-B8C8-3C7C-A353-62D2A322641B}
		{0A9BBB9E-0901-3611-9AB2-BC4131F34447} = {0A9BBB9E-0901-3611-9AB2-BC4131F34447}
		{E608CAA6-3C6D-3795-9D5C-C6B81628D4A2} = {E608CAA6-3C6D-3795-9D5C-C6B81628D4A2}
	EndProjectSection
EndProject
Project("{8BC9CEB8-8B4A-11D0-8D11-00A0C91BC942}") = "screen", "_deps\ftxui-build\screen.vcxproj", "{0A9BBB9E-0901-3611-9AB2-BC4131F34447}"
	ProjectSection(ProjectDependencies) = postProject
		{4090CCE6-836D-37B3-BAF3-3A9E8DB2898B} = {4090CCE6-836D-37B3-BAF3-3A9E8DB2898B}
	EndProjectSection
EndProject
Project("{8BC9CEB8-8B4A-11D0-8D11-00A0C91BC942}") = "sqlite3_amalgamation", "sqlite3_amalgamation.vcxproj", "{E608CAA6-3C6D-3795-9D5C-C6B81628D4A2}"
	ProjectSection(ProjectDependencies) = postProject
		{4090CCE6-836D-37B3-BAF3-3A9E8DB2898B} = {4090CCE6-836D-37B3-BAF3-3A9E8DB2898B}
	EndProjectSection
EndProject
Global
	GlobalSection(SolutionConfigurationPlatforms) = preSolution
		Debug|x64 = Debug|x64
		Release|x64 = Release|x64
		MinSizeRel|x64 = MinSizeRel|x64
		RelWithDebInfo|x64 = RelWithDebInfo|x64
	EndGlobalSection
	GlobalSection(ProjectConfigurationPlatforms) = postSolution
		{C45358D2-60CB-3809-8DB4-1F286B2308A8}.Debug|x64.ActiveCfg = Debug|x64
		{C45358D2-60CB-3809-8DB4-1F286B2308A8}.Debug|x64.Build.0 = Debug|x64
		{C45358D2-60CB-3809-8DB4-1F286B2308A8}.Release|x64.ActiveCfg = Release|x64
		{C45358D2-60CB-3809-8DB4-1F286B2308A8}.Release|x64.Build.0 = Release|x64
		{C45358D2-60CB-3809-8DB4-1F286B2308A8}.MinSizeRel|x64.ActiveCfg = MinSizeRel|x64
		{C45358D2-60CB-3809-8DB4-1F286B2308A8}.MinSizeRel|x64.Build.0 = MinSizeRel|x64
		{C45358D2-60CB-3809-8DB4-1F286B2308A8}.RelWithDebInfo|x64.ActiveCfg = RelWithDebInfo|x64
		{C45358D2-60CB-3809-8DB4-1F286B2308A8}.RelWithDebInfo|x64.Build.0 = RelWithDebInfo|x64
		{63FEC6A8-D45A-395F-BD47-7A974D0256BB}.Debug|x64.ActiveCfg = Debug|x64
		{63FEC6A8-D45A-395F-BD47-7A974D0256BB}.Release|x64.ActiveCfg = Release|x64
		{63FEC6A8-D45A-395F-BD47-7A974D0256BB}.MinSizeRel|x64.ActiveCfg = MinSizeRel|x64
		{63FEC6A8-D45A-395F-BD47-7A974D0256BB}.RelWithDebInfo|x64.ActiveCfg = RelWithDebInfo|x64
		{2042CC5F-0CB3-3F84-BB66-060385726DB6}.Debug|x64.ActiveCfg = Debug|x64
		{2042CC5F-0CB3-3F84-BB66-060385726DB6}.Release|x64.ActiveCfg = Release|x64
		{2042CC5F-0CB3-3F84-BB66-060385726DB6}.MinSizeRel|x64.ActiveCfg = MinSizeRel|x64
		{2042CC5F-0CB3-3F84-BB66-060385726DB6}.RelWithDebInfo|x64.ActiveCfg = RelWithDebInfo|x64
		{64DD1EFE-260E-335A-BBD7-00181221C14B}.Debug|x64.ActiveCfg = Debug|x64
		{64DD1EFE-260E-335A-BBD7-00181221C14B}.Release|x64.ActiveCfg = Release|x64
		{64DD1EFE-260E-335A-BBD7-00181221C14B}.MinSizeRel|x64.ActiveCfg = MinSizeRel|x64
		{64DD1EFE-260E-335A-BBD7-00181221C14B}.RelWithDebInfo|x64.ActiveCfg = RelWithDebInfo|x64
		{C09E5BE9-4CA9-378C-BE02-9E3BA7BC006C}.Debug|x64.ActiveCfg = Debug|x64
		{C09E5BE9-4CA9-378C-BE02-9E3BA7BC006C}.Release|x64.ActiveCfg = Release|x64
		{C09E5BE9-4CA9-378C-BE02-9E3BA7BC006C}.MinSizeRel|x64.ActiveCfg = MinSizeRel|x64
		{C09E5BE9-4CA9-378C-BE02-9E3BA7BC006C}.RelWithDebInfo|x64.ActiveCfg = RelWithDebInfo|x64
		{711ACDAA-3986-3A65-A376-D9CDFA9CFF2F}.Debug|x64.ActiveCfg = Debug|x64
		{711ACDAA-3986-3A65-A376-D9CDFA9CFF2F}.Release|x64.ActiveCfg = Release|x64
		{711ACDAA-3986-3A65-A376-D9CDFA9CFF2F}.MinSizeRel|x64.ActiveCfg = MinSizeRel|x64
		{711ACDAA-3986-3A65-A376-D9CDFA9CFF2F}.RelWithDebInfo|x64.ActiveCfg = RelWithDebInfo|x64
		{21F45684-B5D6-339C-A147-9ED88E9BED47}.Debug|x64.ActiveCfg = Debug|x64
		{21F45684-B5D6-339C-A147-9ED88E9BED47}.Release|x64.ActiveCfg = Release|x64
		{21F45684-B5D6-339C-A147-9ED88E9BED47}.MinSizeRel|x64.ActiveCfg = MinSizeRel|x64
		{21F45684-B5D6-339C-A147-9ED88E9BED47}.RelWithDebInfo|x64.ActiveCfg = RelWithDebInfo|x64
		{3008E6F4-16EE-3375-B1EB-4AA643988A32}.Debug|x64.ActiveCfg = Debug|x64
		{3008E6F4-16EE-3375-B1EB-4AA643988A32}.Release|x64.ActiveCfg = Release|x64
		{3008E6F4-16EE-3375-B1EB-4AA643988A32}.MinSizeRel|x64.ActiveCfg = MinSizeRel|x64
		{3008E6F4-16EE-3375-B1EB-4AA643988A32}.RelWithDebInfo|x64.ActiveCfg = RelWithDebInfo|x64
		{4090CCE6-836D-37B3-BAF3-3A9E8DB2898B}.Debug|x64.ActiveCfg = Debug|x64
		{4090CCE6-836D-37B3-BAF3-3A9E8DB2898B}.Debug|x64.Build.0 = Debug|x64
		{4090CCE6-836D-37B3-BAF3-3A9E8DB2898B}.Release|x64.ActiveCfg = Release|x64
		{4090CCE6-836D-37B3-BAF3-3A9E8DB2898B}.Release|x64.Build.0 = Release|x64
		{4090CCE6-836D-37B3-BAF3-3A9E8DB2898B}.MinSizeRel|x64.ActiveCfg = MinSizeRel|x64
		{4090CCE6-836D-37B3-BAF3-3A9E8DB2898B}.MinSizeRel|x64.Build.0 = MinSizeRel|x64
		{4090CCE6-836D-37B3-BAF3-3A9E8DB2898B}.RelWithDebInfo|x64.ActiveCfg = RelWithDebInfo|x64
		{4090CCE6-836D-37B3-BAF3-3A9E8DB2898B}.RelWithDebInfo|x64.Build.0 = RelWithDebInfo|x64
		{578AF937-66E6-3A91-8D36-E728AE5CE88D}.Debug|x64.ActiveCfg = Debug|x64
		{578AF937-66E6-3A91-8D36-E728AE5CE88D}.Debug|x64.Build.0 = Debug|x64
		{578AF937-66E6-3A91-8D36-E728AE5CE88D}.Release|x64.ActiveCfg = Release|x64
		{578AF937-66E6-3A91-8D36-E728AE5CE88D}.Release|x64.Build.0 = Release|x64
		{578AF937-66E6-3A91-8D36-E728AE5CE88D}.MinSizeRel|x64.ActiveCfg = MinSizeRel|x64
		{578AF937-66E6-3A91-8D36-E728AE5CE88D}.MinSizeRel|x64.Build.0 = MinSizeRel|x64
		{578AF937-66E6-3A91-8D36-E728AE5CE88D}.RelWithDebInfo|x64.ActiveCfg = RelWithDebInfo|x64
		{578AF937-66E6-3A91-8D36-E728AE5CE88D}.RelWithDebInfo|x64.Build.0 = RelWithDebInfo|x64
		{E1B3759B-B8C8-3C7C-A353-62D2A322641B}.Debug|x64.ActiveCfg = Debug|x64
		{E1B3759B-B8C8-3C7C-A353-62D2A322641B}.Debug|x64.Build.0 = Debug|x64
		{E1B3759B-B8C8-3C7C-A353-62D2A322641B}.Release|x64.ActiveCfg = Release|x64
		{E1B3759B-B8C8-3C7C-A353-62D2A322641B}.Release|x64.Build.0 = Release|x64
		{E1B3759B-B8C8-3C7C-A353-62D2A322641B}.MinSizeRel|x64.ActiveCfg = MinSizeRel|x64
		{E1B3759B-B8C8-3C7C-A353-62D2A322641B}.MinSizeRel|x64.Build.0 = MinSizeRel|x64
		{E1B3759B-B8C8-3C7C-A353-62D2A322641B}.RelWithDebInfo|x64.ActiveCfg = RelWithDebInfo|x64
		{E1B3759B-B8C8-3C7C-A353-62D2A322641B}.RelWithDebInfo|x64.Build.0 = RelWithDebInfo|x64
		{A4B289F3-F11A-38DD-8369-7C350821E804}.Debug|x64.ActiveCfg = Debug|x64
		{A4B289F3-F11A-38DD-8369-7C350821E804}.Debug|x64.Build.0 = Debug|x64
		{A4B289F3-F11A-38DD-8369-7C350821E804}.Release|x64.ActiveCfg = Release|x64
		{A4B289F3-F11A-38DD-8369-7C350821E804}.Release|x64.Build.0 = Release|x64
		{A4B289F3-F11A-38DD-8369-7C350821E804}.MinSizeRel|x64.ActiveCfg = MinSizeRel|x64
		{A4B289F3-F11A-38DD-8369-7C350821E804}.MinSizeRel|x64.Build.0 = MinSizeRel|x64
		{A4B289F3-F11A-38DD-8369-7C350821E804}.RelWithDebInfo|x64.ActiveCfg = RelWithDebInfo|x64
		{A4B289F3-F11A-38DD-8369-7C350821E804}.RelWithDebInfo|x64.Build.0 = RelWithDebInfo|x64
		{A304238B-9BA7-33A5-9DB2-6936EE958122}.Debug|x64.ActiveCfg = Debug|x64
		{A304238B-9BA7-33A5-9DB2-6936EE958122}.Debug|x64.Build.0 = Debug|x64
		{A304238B-9BA7-33A5-9DB2-6936EE958122}.Release|x64.ActiveCfg = Release|x64
		{A304238B-9BA7-33A5-9DB2-6936EE958122}.Release|x64.Build.0 = Release|x64
		{A304238B-9BA7-33A5-9DB2-6936EE958122}.MinSizeRel|x64.ActiveCfg = MinSizeRel|x64
		{A304238B-9BA7-33A5-9DB2-6936EE958122}.MinSizeRel|x64.Build.0 = MinSizeRel|x64
		{A304238B-9BA7-33A5-9DB2-6936EE958122}.RelWithDebInfo|x64.ActiveCfg = RelWithDebInfo|x64
		{A304238B-9BA7-33A5-9DB2-6936EE958122}.RelWithDebInfo|x64.Build.0 = RelWithDebInfo|x64
		{0A9BBB9E-0901-3611-9AB2-BC4131F34447}.Debug|x64.ActiveCfg = Debug|x64
		{0A9BBB9E-0901-3611-9AB2-BC4131F34447}.Debug|x64.Build.0 = Debug|x64
		{0A9BBB9E-0901-3611-9AB2-BC4131F34447}.Release|x64.ActiveCfg = Release|x64
		{0A9BBB9E-0901-3611-9AB2-BC4131F34447}.Release|x64.Build.0 = Release|x64
		{0A9BBB9E-0901-3611-9AB2-BC4131F34447}.MinSizeRel|x64.ActiveCfg = MinSizeRel|x64
		{0A9BBB9E-0901-3611-9AB2-BC4131F34447}.MinSizeRel|x64.Build.0 = MinSizeRel|x64
		{0A9BBB9E-0901-3611-9AB2-BC4131F34447}.RelWithDebInfo|x64.ActiveCfg = RelWithDebInfo|x64
		{0A9BBB9E-0901-3611-9AB2-BC4131F34447}.RelWithDebInfo|x64.Build.0 = RelWithDebInfo|x64
		{E608CAA6-3C6D-3795-9D5C-C6B81628D4A2}.Debug|x64.ActiveCfg = Debug|x64
		{E608CAA6-3C6D-3795-9D5C-C6B81628D4A2}.Debug|x64.Build.0 = Debug|x64
		{E608CAA6-3C6D-3795-9D5C-C6B81628D4A2}.Release|x64.ActiveCfg = Release|x64
		{E608CAA6-3C6D-3795-9D5C-C6B81628D4A2}.Release|x64.Build.0 = Release|x64
		{E608CAA6-3C6D-3795-9D5C-C6B81628D4A2}.MinSizeRel|x64.ActiveCfg = MinSizeRel|x64
		{E608CAA6-3C6D-3795-9D5C-C6B81628D4A2}.MinSizeRel|x64.Build.0 = MinSizeRel|x64
		{E608CAA6-3C6D-3795-9D5C-C6B81628D4A2}.RelWithDebInfo|x64.ActiveCfg = RelWithDebInfo|x64
		{E608CAA6-3C6D-3795-9D5C-C6B81628D4A2}.RelWithDebInfo|x64.Build.0 = RelWithDebInfo|x64
	EndGlobalSection
	GlobalSection(ExtensibilityGlobals) = postSolution
		SolutionGuid = {7DE6A29E-234A-3061-97E1-6F3DA9DD68D7}
	EndGlobalSection
	GlobalSection(ExtensibilityAddIns) = postSolution
	EndGlobalSection
EndGlobal
