<?xml version="1.0" encoding="UTF-8"?>
<Solution>
	<Configurations>
		<BuildType Name="Debug"/>
		<BuildType Name="Release"/>
		<BuildType Name="MinSizeRel"/>
		<BuildType Name="RelWithDebInfo"/>
		<Platform Name="x64"/>
	</Configurations>
	<Project Path="ALL_BUILD.vcxproj" Type="8bc9ceb8-8b4a-11d0-8d11-00a0c91bc942" Id="b495dd4d-a212-3a77-ae51-3e832bebbc79" DefaultStartup="true">
		<BuildDependency Project="ZERO_CHECK.vcxproj"/>
		<BuildDependency Project="_deps/ftxui-build/component.vcxproj"/>
		<BuildDependency Project="_deps/ftxui-build/dom.vcxproj"/>
		<BuildDependency Project="inventatory.vcxproj"/>
		<BuildDependency Project="inventatory_tests.vcxproj"/>
		<BuildDependency Project="_deps/ftxui-build/screen.vcxproj"/>
		<BuildDependency Project="sqlite3_amalgamation.vcxproj"/>
	</Project>
	<Project Path="Continuous.vcxproj" Type="8bc9ceb8-8b4a-11d0-8d11-00a0c91bc942" Id="9f6ad804-12a0-353b-a004-2a4070f07868">
		<BuildDependency Project="ZERO_CHECK.vcxproj"/>
		<Build Solution="Debug|*" Project="false"/>
		<Build Solution="Release|*" Project="false"/>
		<Build Solution="MinSizeRel|*" Project="false"/>
		<Build Solution="RelWithDebInfo|*" Project="false"/>
	</Project>
	<Project Path="Experimental.vcxproj" Type="8bc9ceb8-8b4a-11d0-8d11-00a0c91bc942" Id="34e5128a-956c-3d8b-b186-25a269ee483e">
		<BuildDependency Project="ZERO_CHECK.vcxproj"/>
		<Build Solution="Debug|*" Project="false"/>
		<Build Solution="Release|*" Project="false"/>
		<Build Solution="MinSizeRel|*" Project="false"/>
		<Build Solution="RelWithDebInfo|*" Project="false"/>
	</Project>
	<Project Path="INSTALL.vcxproj" Type="8bc9ceb8-8b4a-11d0-8d11-00a0c91bc942" Id="93549f48-e22f-3d4a-9142-9ec6e68538ef">
		<BuildDependency Project="ALL_BUILD.vcxproj"/>
		<BuildDependency Project="ZERO_CHECK.vcxproj"/>
		<Build Solution="Debug|*" Project="false"/>
		<Build Solution="Release|*" Project="false"/>
		<Build Solution="MinSizeRel|*" Project="false"/>
		<Build Solution="RelWithDebInfo|*" Project="false"/>
	</Project>
	<Project Path="Nightly.vcxproj" Type="8bc9ceb8-8b4a-11d0-8d11-00a0c91bc942" Id="2883972f-1216-3200-a9d1-8b79cf5edf15">
		<BuildDependency Project="ZERO_CHECK.vcxproj"/>
		<Build Solution="Debug|*" Project="false"/>
		<Build Solution="Release|*" Project="false"/>
		<Build Solution="MinSizeRel|*" Project="false"/>
		<Build Solution="RelWithDebInfo|*" Project="false"/>
	</Project>
	<Project Path="NightlyMemoryCheck.vcxproj" Type="8bc9ceb8-8b4a-11d0-8d11-00a0c91bc942" Id="0268002f-949c-32a9-b77f-01e8a9538690">
		<BuildDependency Project="ZERO_CHECK.vcxproj"/>
		<Build Solution="Debug|*" Project="false"/>
		<Build Solution="Release|*" Project="false"/>
		<Build Solution="MinSizeRel|*" Project="false"/>
		<Build Solution="RelWithDebInfo|*" Project="false"/>
	</Project>
	<Project Path="PACKAGE.vcxproj" Type="8bc9ceb8-8b4a-11d0-8d11-00a0c91bc942" Id="e2f65d4f-86c3-3e62-8f05-d2c794718849">
		<BuildDependency Project="ALL_BUILD.vcxproj"/>
		<BuildDependency Project="ZERO_CHECK.vcxproj"/>
		<Build Solution="Debug|*" Project="false"/>
		<Build Solution="Release|*" Project="false"/>
		<Build Solution="MinSizeRel|*" Project="false"/>
		<Build Solution="RelWithDebInfo|*" Project="false"/>
	</Project>
	<Project Path="RUN_TESTS.vcxproj" Type="8bc9ceb8-8b4a-11d0-8d11-00a0c91bc942" Id="ef35879b-7b7c-35b2-8f23-5825ef5dcf9e">
		<BuildDependency Project="ZERO_CHECK.vcxproj"/>
		<Build Solution="Debug|*" Project="false"/>
		<Build Solution="Release|*" Project="false"/>
		<Build Solution="MinSizeRel|*" Project="false"/>
		<Build Solution="RelWithDebInfo|*" Project="false"/>
	</Project>
	<Project Path="ZERO_CHECK.vcxproj" Type="8bc9ceb8-8b4a-11d0-8d11-00a0c91bc942" Id="64e1346d-7f69-3987-a9e4-bfc7692a85c5"/>
	<Project Path="_deps/ftxui-build/component.vcxproj" Type="8bc9ceb8-8b4a-11d0-8d11-00a0c91bc942" Id="4ce6713f-6b9e-37ab-b333-a8c853f443d2">
		<BuildDependency Project="ZERO_CHECK.vcxproj"/>
		<BuildDependency Project="_deps/ftxui-build/dom.vcxproj"/>
		<BuildDependency Project="_deps/ftxui-build/screen.vcxproj"/>
	</Project>
	<Project Path="_deps/ftxui-build/dom.vcxproj" Type="8bc9ceb8-8b4a-11d0-8d11-00a0c91bc942" Id="b86672d3-49f9-3d3d-ba81-d8693405f2ce">
		<BuildDependency Project="ZERO_CHECK.vcxproj"/>
		<BuildDependency Project="_deps/ftxui-build/screen.vcxproj"/>
	</Project>
	<Project Path="inventatory.vcxproj" Type="8bc9ceb8-8b4a-11d0-8d11-00a0c91bc942" Id="f873fc27-fa4f-36cb-9390-f6b40fb9c1ce">
		<BuildDependency Project="ZERO_CHECK.vcxproj"/>
		<BuildDependency Project="_deps/ftxui-build/component.vcxproj"/>
		<BuildDependency Project="_deps/ftxui-build/dom.vcxproj"/>
		<BuildDependency Project="_deps/ftxui-build/screen.vcxproj"/>
		<BuildDependency Project="sqlite3_amalgamation.vcxproj"/>
	</Project>
	<Project Path="inventatory_tests.vcxproj" Type="8bc9ceb8-8b4a-11d0-8d11-00a0c91bc942" Id="bb3f9e8d-e7f5-336e-972a-ae04855603c8">
		<BuildDependency Project="ZERO_CHECK.vcxproj"/>
		<BuildDependency Project="_deps/ftxui-build/component.vcxproj"/>
		<BuildDependency Project="_deps/ftxui-build/dom.vcxproj"/>
		<BuildDependency Project="_deps/ftxui-build/screen.vcxproj"/>
		<BuildDependency Project="sqlite3_amalgamation.vcxproj"/>
	</Project>
	<Project Path="_deps/ftxui-build/screen.vcxproj" Type="8bc9ceb8-8b4a-11d0-8d11-00a0c91bc942" Id="aa75aac7-3490-3b6c-a2c4-ff6d54def9d6">
		<BuildDependency Project="ZERO_CHECK.vcxproj"/>
	</Project>
	<Project Path="sqlite3_amalgamation.vcxproj" Type="8bc9ceb8-8b4a-11d0-8d11-00a0c91bc942" Id="d0bc4810-96f4-32e2-8f13-2b8b8fe0b7f6">
		<BuildDependency Project="ZERO_CHECK.vcxproj"/>
	</Project>
</Solution>
